{
  "version": 4,
  "terraform_version": "0.12.6",
  "serial": 21,
  "lineage": "14168c93-cdcd-58c0-6e27-4d954a11d78d",
  "outputs": {
    "input_service": {
      "value": "atp",
      "type": "string"
    },
    "input_service_name": {
      "value": "db1",
      "type": "string"
    }
  },
  "resources": [
    {
      "module": "module.network",
      "mode": "data",
      "type": "oci_core_app_catalog_listing_resource_versions",
      "name": "test_app_catalog_listing_resource_versions",
      "provider": "provider.oci",
      "instances": [
        {
          "schema_version": 0,
          "attributes": {
            "app_catalog_listing_resource_versions": [
              {
                "accessible_ports": [],
                "allowed_actions": [],
                "available_regions": [],
                "compatible_shapes": [],
                "listing_id": "ocid1.appcataloglisting.oc1..aaaaaaaapram7bsdh37gly4oavh42iqih6faoqqqmotpddyz4a44c4wgk7ja",
                "listing_resource_id": "ocid1.image.oc1..aaaaaaaaaoswevgnrsoux7lfqbxgtng4aruphm2nbwpoqs22xx7anoi5cikq",
                "listing_resource_version": "19.07-073020192341",
                "time_published": "2019-07-31 14:17:17.865 +0000 UTC"
              }
            ],
            "filter": null,
            "id": "2019-08-15 19:17:33.139785 +0000 UTC",
            "listing_id": "ocid1.appcataloglisting.oc1..aaaaaaaapram7bsdh37gly4oavh42iqih6faoqqqmotpddyz4a44c4wgk7ja"
          },
          "depends_on": [
            "data.oci_core_app_catalog_listings.test_app_catalog_listings"
          ]
        }
      ]
    },
    {
      "module": "module.network",
      "mode": "data",
      "type": "oci_core_app_catalog_listings",
      "name": "test_app_catalog_listings",
      "provider": "provider.oci",
      "instances": [
        {
          "schema_version": 0,
          "attributes": {
            "app_catalog_listings": [
              {
                "contact_url": "",
                "description": "",
                "display_name": "Oracle Cloud Developer Image",
                "listing_id": "ocid1.appcataloglisting.oc1..aaaaaaaapram7bsdh37gly4oavh42iqih6faoqqqmotpddyz4a44c4wgk7ja",
                "publisher_logo_url": "",
                "publisher_name": "Oracle Linux",
                "summary": "Oracle Cloud Developer Image",
                "time_published": ""
              },
              {
                "contact_url": "",
                "description": "",
                "display_name": "Oracle Linux KVM Image",
                "listing_id": "ocid1.appcataloglisting.oc1..aaaaaaaabc3patrrc5ahsivc73kbqg4u73gkm2tekx7xmhywaci44ykzdooq",
                "publisher_logo_url": "",
                "publisher_name": "Oracle Linux",
                "summary": "Oracle Linux, KVM hypervisor and Simplified Virtual Machine deployment",
                "time_published": ""
              },
              {
                "contact_url": "",
                "description": "",
                "display_name": "Oracle Linux Storage Appliance 1.8",
                "listing_id": "ocid1.appcataloglisting.oc1..aaaaaaaalzpz3ikxfhvcdtmjduxadvg323ybkew32fk4o66ao75oc6lbmeqq",
                "publisher_logo_url": "",
                "publisher_name": "Oracle Linux",
                "summary": "Oracle Linux Storage Appliance",
                "time_published": ""
              }
            ],
            "display_name": null,
            "filter": [
              {
                "name": "publisher_name",
                "regex": false,
                "values": [
                  "Oracle Linux"
                ]
              }
            ],
            "id": "2019-08-15 19:17:32.908386 +0000 UTC",
            "publisher_name": null,
            "publisher_type": null
          }
        }
      ]
    },
    {
      "module": "module.network",
      "mode": "data",
      "type": "oci_core_app_catalog_subscriptions",
      "name": "test_app_catalog_subscriptions",
      "provider": "provider.oci",
      "instances": [
        {
          "schema_version": 0,
          "attributes": {
            "app_catalog_subscriptions": [
              {
                "compartment_id": "ocid1.compartment.oc1..aaaaaaaaedeksagj7qci64xci5kki233iggli4gzjwm4ehogvuzsiauq27aa",
                "display_name": "Oracle Cloud Developer Image",
                "eula_link": "",
                "listing_id": "ocid1.appcataloglisting.oc1..aaaaaaaapram7bsdh37gly4oavh42iqih6faoqqqmotpddyz4a44c4wgk7ja",
                "listing_resource_id": "ocid1.image.oc1..aaaaaaaaaoswevgnrsoux7lfqbxgtng4aruphm2nbwpoqs22xx7anoi5cikq",
                "listing_resource_version": "19.07-073020192341",
                "oracle_terms_of_use_link": "",
                "publisher_name": "",
                "signature": "",
                "summary": "Oracle Cloud Developer Image",
                "time_created": "2019-08-15 19:17:52.858 +0000 UTC",
                "time_retrieved": ""
              }
            ],
            "compartment_id": "ocid1.compartment.oc1..aaaaaaaaedeksagj7qci64xci5kki233iggli4gzjwm4ehogvuzsiauq27aa",
            "filter": [
              {
                "name": "listing_resource_version",
                "regex": false,
                "values": [
                  "19.07-073020192341"
                ]
              }
            ],
            "id": "2019-08-15 19:17:53.425528 +0000 UTC",
            "listing_id": "ocid1.appcataloglisting.oc1..aaaaaaaapram7bsdh37gly4oavh42iqih6faoqqqmotpddyz4a44c4wgk7ja"
          },
          "depends_on": [
            "oci_core_app_catalog_subscription.test_app_catalog_subscription",
            "oci_identity_compartment.compartment1"
          ]
        }
      ]
    },
    {
      "module": "module.servicegateway",
      "mode": "data",
      "type": "oci_core_service_gateways",
      "name": "test_service_gateways",
      "provider": "provider.oci",
      "instances": [
        {
          "schema_version": 0,
          "attributes": {
            "compartment_id": "ocid1.compartment.oc1..aaaaaaaaedeksagj7qci64xci5kki233iggli4gzjwm4ehogvuzsiauq27aa",
            "filter": null,
            "id": "2019-08-15 19:17:53.767972 +0000 UTC",
            "service_gateways": [],
            "state": "AVAILABLE",
            "vcn_id": "ocid1.vcn.oc1.iad.aaaaaaaa3i3ulqzn5y77pe27luqypjayouwtdw2xg42jfehs32nrfjbfc66a"
          }
        }
      ]
    },
    {
      "module": "module.servicegateway",
      "mode": "data",
      "type": "oci_core_services",
      "name": "test_services",
      "provider": "provider.oci",
      "instances": [
        {
          "schema_version": 0,
          "attributes": {
            "filter": [
              {
                "name": "name",
                "regex": true,
                "values": [
                  "All .* Services In Oracle Services Network"
                ]
              }
            ],
            "id": "2019-08-15 19:17:33.072118 +0000 UTC",
            "services": [
              {
                "cidr_block": "all-iad-services-in-oracle-services-network",
                "description": "All IAD Services In Oracle Services Network",
                "id": "ocid1.service.oc1.iad.aaaaaaaam4zfmy2rjue6fmglumm3czgisxzrnvrwqeodtztg7hwa272mlfna",
                "name": "All IAD Services In Oracle Services Network"
              }
            ]
          }
        }
      ]
    },
    {
      "module": "module.network",
      "mode": "data",
      "type": "oci_identity_availability_domains",
      "name": "ads",
      "provider": "provider.oci",
      "instances": [
        {
          "schema_version": 0,
          "attributes": {
            "availability_domains": [
              {
                "compartment_id": "ocid1.compartment.oc1..aaaaaaaaedeksagj7qci64xci5kki233iggli4gzjwm4ehogvuzsiauq27aa",
                "id": "ocid1.availabilitydomain.oc1..aaaaaaaauvt2n7pijol7uqgdnnsoojcukrijtmcltvfwxazmitk235wyohta",
                "name": "eHkR:US-ASHBURN-AD-1"
              },
              {
                "compartment_id": "ocid1.compartment.oc1..aaaaaaaaedeksagj7qci64xci5kki233iggli4gzjwm4ehogvuzsiauq27aa",
                "id": "ocid1.availabilitydomain.oc1..aaaaaaaatrwxaogr7dl4yschqtrmqrdv6uzis3mgbnomiagqrfhcb7mxsfdq",
                "name": "eHkR:US-ASHBURN-AD-2"
              },
              {
                "compartment_id": "ocid1.compartment.oc1..aaaaaaaaedeksagj7qci64xci5kki233iggli4gzjwm4ehogvuzsiauq27aa",
                "id": "ocid1.availabilitydomain.oc1..aaaaaaaaztunlny6ae4yw2vghp5go2zceaonwp6wiioe3tnh2vlaxjjl2n3a",
                "name": "eHkR:US-ASHBURN-AD-3"
              }
            ],
            "compartment_id": "ocid1.compartment.oc1..aaaaaaaaedeksagj7qci64xci5kki233iggli4gzjwm4ehogvuzsiauq27aa",
            "filter": null,
            "id": "2019-08-15 19:17:42.747125 +0000 UTC"
          },
          "depends_on": [
            "oci_identity_compartment.compartment1"
          ]
        }
      ]
    },
    {
      "module": "module.compute",
      "mode": "data",
      "type": "oci_identity_availability_domains",
      "name": "ads",
      "provider": "provider.oci",
      "instances": [
        {
          "schema_version": 0,
          "attributes": {
            "availability_domains": [
              {
                "compartment_id": "ocid1.compartment.oc1..aaaaaaaaedeksagj7qci64xci5kki233iggli4gzjwm4ehogvuzsiauq27aa",
                "id": "ocid1.availabilitydomain.oc1..aaaaaaaauvt2n7pijol7uqgdnnsoojcukrijtmcltvfwxazmitk235wyohta",
                "name": "eHkR:US-ASHBURN-AD-1"
              },
              {
                "compartment_id": "ocid1.compartment.oc1..aaaaaaaaedeksagj7qci64xci5kki233iggli4gzjwm4ehogvuzsiauq27aa",
                "id": "ocid1.availabilitydomain.oc1..aaaaaaaatrwxaogr7dl4yschqtrmqrdv6uzis3mgbnomiagqrfhcb7mxsfdq",
                "name": "eHkR:US-ASHBURN-AD-2"
              },
              {
                "compartment_id": "ocid1.compartment.oc1..aaaaaaaaedeksagj7qci64xci5kki233iggli4gzjwm4ehogvuzsiauq27aa",
                "id": "ocid1.availabilitydomain.oc1..aaaaaaaaztunlny6ae4yw2vghp5go2zceaonwp6wiioe3tnh2vlaxjjl2n3a",
                "name": "eHkR:US-ASHBURN-AD-3"
              }
            ],
            "compartment_id": "ocid1.compartment.oc1..aaaaaaaaedeksagj7qci64xci5kki233iggli4gzjwm4ehogvuzsiauq27aa",
            "filter": null,
            "id": "2019-08-15 19:17:42.653556 +0000 UTC"
          }
        }
      ]
    },
    {
      "module": "module.compute",
      "mode": "data",
      "type": "template_file",
      "name": "init",
      "provider": "provider.template",
      "instances": [
        {
          "schema_version": 0,
          "attributes": {
            "filename": null,
            "id": "987926bf649d2c92063c47820b72d61c54f95c253e831af3c051b81a86d6d0a4",
            "rendered": "#!/bin/sh\necho 'This compute instance was provisioned by Terraform.' \u003e\u003e /tmp/motd\nmkdir /home/opc/.oci/\nchmod 700 /home/opc/.oci\nchown -R opc:opc /home/opc/.oci\ncd /home/opc/.oci/\ntouch /home/opc/.oci/oci_private_key.pem\nchmod 700 /home/opc/.oci/oci_private_key.pem \necho \"-----BEGIN RSA PRIVATE KEY-----\nMIIEowIBAAKCAQEAuJtRXF+pcaNRG1VIOL7da+yp8HGjgKjloUj5G5zV2S/keadW\nHauT2zxbDf3wTXSWkqyvgOxjun6yET84ZUGqwd1c8ukQfqpezpLYFSQWV7H3Tw19\nisvhQXwpxnBykGvGHPyjhgKvCPNC2ooXtYVYGU9DDiNWiynnQrE1/emhXTbVdGhB\n30bJxqEcdJdDP4KURrQzUyZV4lAhAN4digluxYeSm2nPHfpG/DI50KJ47qbFZx+4\nJ+WmZiyTk44+t0mteXY7OXJ3v5Y7jaInjispvFs41sJpYYtfiibaln3fDGjKmtaI\nT9YmqRR0kWol4L24/Pmix+4d7nlvYx/P9AaHewIDAQABAoIBAQCsLFfGgoXjMYGc\nr35rRj/2v0SDt0jZ3yxDr259/VlJdaxudc4QYAzHZVQ7CYLMipdAdwQ8hrxAnJdx\nFHiBn6wloVJmT06OBFHl8fjMRtr7sUTJmvhiseIFlErWA9wlrA6azFmqy+f5vf+1\nGSQhrRrMiCsvDXBS3KMOhX6osPRJnRnIUAreiTwHG4ufooHZQF6ZpGCsPk0k82Sa\neHERPnkwUqUTAqrHBOu2px83Hriug5QoAMv1V3fnHXDOe6ga3pG6vm6MroslC6Jy\nhwWt1rL5xYl6uQCM01PFVCndcEEiMw1pMhKrfBe3T9rgT2C5RXMmWju+xOjjnBxZ\nefZhC3/ZAoGBAPHfYRFoYHKtg/nD+RoXWXGWftWzdyy1/QfOfoX4JCrb8BQrahFC\neE40jqI1ynUkKwuW7RoBfROp+Smd0rv9SU9Y5RHRh/JhqeMwpyDC2kDhPARNmP9V\nIEy2360u+lacsw6A436WEWk0NgCXivXTdGn0iRc7/s/4o4umDVpHUBvNAoGBAMNj\nqnGAc+oGjIlRlMKf7GxBXabD5WsXY6xdb+P9kddlJHYTMBieY7M24EsfKg47OOQF\nMTK3Sq9DZIwBt6WHaI6SWnuJnEJyxfyjp+A2Xvl/iOMOVIb4Iov+Ws+p/VemQMde\n+Fp9czB18FLYmnDyTxdJr+rhUYRQReA7AyO6ELhnAoGAd80p2iJ16zdQsEzGPIsm\nLWHajuTmeYnmu5AnERpYZ7YqkwLx9XyT9ECKCYRVNHJms8XcyM3F8xB0ro1SjPSm\n9BtW0t2S1ZZUPIijr1F0I0CspoD88DNs3TKTVcd4DaBt/BgRFmkkVJSczuxA0wQa\nnESYBp8b1k0UTJ5B7N53ql0CgYA1pkknrzikurWeAuuQ4S6ervgTEVkOJbb1nhZa\nCMch2KDBVxVuvRbtH5VIqz7192bwnUhb/54fL6cNFm+hoOOhuifkIe3pBPC+JQW0\nd9luMomYpteo07tQqz+uI6PvjDPfSoFw/19AoDGj3dvSRYZYA6CtIr8qUIxPPITp\nK27p4wKBgGEBeN2S99GmCp5uupxc6sJg+0c7Bmw6oOzy8ILFU/HuebWUKXqRyyrm\nDTCheXNZB5eR1VV0sifI4pT3Jxr64n49CqozzlO1ejlD11nuPwYEuAsIbEMYgZBI\nhbhW8eql+ONMIimRqqK5qwInvhQfFdJCuL1mIKC4K0ItTvQw6MJC\n-----END RSA PRIVATE KEY-----\n\" \u003e\u003e /home/opc/.oci/oci_private_key.pem\ntouch /home/opc/.oci/oci_public_key.pem\nchmod 700 /home/opc/.oci/oci_public_key.pem \necho \"-----BEGIN PUBLIC KEY-----\nMIIBIjANBgkqhkiG9w0BAQEFAAOCAQ8AMIIBCgKCAQEAuJtRXF+pcaNRG1VIOL7d\na+yp8HGjgKjloUj5G5zV2S/keadWHauT2zxbDf3wTXSWkqyvgOxjun6yET84ZUGq\nwd1c8ukQfqpezpLYFSQWV7H3Tw19isvhQXwpxnBykGvGHPyjhgKvCPNC2ooXtYVY\nGU9DDiNWiynnQrE1/emhXTbVdGhB30bJxqEcdJdDP4KURrQzUyZV4lAhAN4diglu\nxYeSm2nPHfpG/DI50KJ47qbFZx+4J+WmZiyTk44+t0mteXY7OXJ3v5Y7jaInjisp\nvFs41sJpYYtfiibaln3fDGjKmtaIT9YmqRR0kWol4L24/Pmix+4d7nlvYx/P9AaH\newIDAQAB\n-----END PUBLIC KEY-----\n\" \u003e\u003e oci_public_key.pem\ntouch /home/opc/.oci/config\nchmod 700 /home/opc/.oci/config\necho \"[DEFAULT]\nuser=ocid1.user.oc1..aaaaaaaapojltszogsvqwohv6c6zofuhahp754qwgospfamkjefkfn37x24a\nfingerprint=59:a2:af:2f:cd:eb:a1:a2:85:82:67:88:db:fc:db:dc\nkey_file=/home/opc/.oci/oci_private_key.pem\ntenancy=ocid1.tenancy.oc1..aaaaaaaawgan7uufjjwa5wlicbocjs7l6hmyqrwhpqquncaweqgfsfvf4q7q\nregion=us-ashburn-1\n\" \u003e\u003e /home/opc/.oci/config\nif [ atp = \"atp\" ]\nthen\n\techo \"/usr/bin/oci --config-file /home/opc/.oci/config db autonomous-database create --compartment-id ocid1.compartment.oc1..aaaaaaaaedeksagj7qci64xci5kki233iggli4gzjwm4ehogvuzsiauq27aa --db-name atpdb1 --cpu-core-count 1 --data-storage-size-in-tbs 1 --admin-password Hell0W0rld##\" \u003e\u003e /home/opc/.oci/script.sh\n\toci setup repair-file-permissions --file /home/opc/.oci/config \n\toci setup repair-file-permissions --file /home/opc/.oci/oci_private_key.pem \n\tchown -R opc:opc /home/opc/.oci\n\t/usr/bin/oci --config-file /home/opc/.oci/config db autonomous-database create --compartment-id ocid1.compartment.oc1..aaaaaaaaedeksagj7qci64xci5kki233iggli4gzjwm4ehogvuzsiauq27aa --db-name atpdb1 --cpu-core-count 1 --data-storage-size-in-tbs 1 --admin-password Hell0W0rld##\nelif [ atp = \"adw\" ]\nthen\n\techo \"/usr/bin/oci --config-file /home/opc/.oci/config db autonomous-data-warehouse create --compartment-id ocid1.compartment.oc1..aaaaaaaaedeksagj7qci64xci5kki233iggli4gzjwm4ehogvuzsiauq27aa --db-name adwdb1 --cpu-core-count 1 --data-storage-size-in-tbs 1 --admin-password Hell0W0rld##\" \u003e\u003e /home/opc/.oci/script.sh\n\toci setup repair-file-permissions --file /home/opc/.oci/config \n\toci setup repair-file-permissions --file /home/opc/.oci/oci_private_key.pem \n\tchown -R opc:opc /home/opc/.oci\n\t/usr/bin/oci --config-file /home/opc/.oci/config db autonomous-data-warehouse create --compartment-id ocid1.compartment.oc1..aaaaaaaaedeksagj7qci64xci5kki233iggli4gzjwm4ehogvuzsiauq27aa --db-name adwdb1 --cpu-core-count 1 --data-storage-size-in-tbs 1 --admin-password Hell0W0rld##\nelse\n\techo \"did not specify which resource to create\" \u003e\u003e /home/opc/.oci/script.sh\nfi\n",
            "template": "#!/bin/sh\necho 'This compute instance was provisioned by Terraform.' \u003e\u003e /tmp/motd\nmkdir /home/opc/.oci/\nchmod 700 /home/opc/.oci\nchown -R opc:opc /home/opc/.oci\ncd /home/opc/.oci/\ntouch /home/opc/.oci/oci_private_key.pem\nchmod 700 /home/opc/.oci/oci_private_key.pem \necho \"${oci_private_key}\" \u003e\u003e /home/opc/.oci/oci_private_key.pem\ntouch /home/opc/.oci/oci_public_key.pem\nchmod 700 /home/opc/.oci/oci_public_key.pem \necho \"${oci_public_key}\" \u003e\u003e oci_public_key.pem\ntouch /home/opc/.oci/config\nchmod 700 /home/opc/.oci/config\necho \"[DEFAULT]\nuser=${user_ocid}\nfingerprint=${fingerprint}\nkey_file=/home/opc/.oci/oci_private_key.pem\ntenancy=${tenancy_ocid}\nregion=${region}\n\" \u003e\u003e /home/opc/.oci/config\nif [ ${input_service} = \"atp\" ]\nthen\n\techo \"/usr/bin/oci --config-file /home/opc/.oci/config db autonomous-database create --compartment-id ${compartment_ocid} --db-name atp${input_service_name} --cpu-core-count 1 --data-storage-size-in-tbs 1 --admin-password Hell0W0rld##\" \u003e\u003e /home/opc/.oci/script.sh\n\toci setup repair-file-permissions --file /home/opc/.oci/config \n\toci setup repair-file-permissions --file /home/opc/.oci/oci_private_key.pem \n\tchown -R opc:opc /home/opc/.oci\n\t/usr/bin/oci --config-file /home/opc/.oci/config db autonomous-database create --compartment-id ${compartment_ocid} --db-name atp${input_service_name} --cpu-core-count 1 --data-storage-size-in-tbs 1 --admin-password Hell0W0rld##\nelif [ ${input_service} = \"adw\" ]\nthen\n\techo \"/usr/bin/oci --config-file /home/opc/.oci/config db autonomous-data-warehouse create --compartment-id ${compartment_ocid} --db-name adw${input_service_name} --cpu-core-count 1 --data-storage-size-in-tbs 1 --admin-password Hell0W0rld##\" \u003e\u003e /home/opc/.oci/script.sh\n\toci setup repair-file-permissions --file /home/opc/.oci/config \n\toci setup repair-file-permissions --file /home/opc/.oci/oci_private_key.pem \n\tchown -R opc:opc /home/opc/.oci\n\t/usr/bin/oci --config-file /home/opc/.oci/config db autonomous-data-warehouse create --compartment-id ${compartment_ocid} --db-name adw${input_service_name} --cpu-core-count 1 --data-storage-size-in-tbs 1 --admin-password Hell0W0rld##\nelse\n\techo \"did not specify which resource to create\" \u003e\u003e /home/opc/.oci/script.sh\nfi\n",
            "vars": {
              "compartment_ocid": "ocid1.compartment.oc1..aaaaaaaaedeksagj7qci64xci5kki233iggli4gzjwm4ehogvuzsiauq27aa",
              "fingerprint": "59:a2:af:2f:cd:eb:a1:a2:85:82:67:88:db:fc:db:dc",
              "input_service": "atp",
              "input_service_name": "db1",
              "oci_private_key": "-----BEGIN RSA PRIVATE KEY-----\nMIIEowIBAAKCAQEAuJtRXF+pcaNRG1VIOL7da+yp8HGjgKjloUj5G5zV2S/keadW\nHauT2zxbDf3wTXSWkqyvgOxjun6yET84ZUGqwd1c8ukQfqpezpLYFSQWV7H3Tw19\nisvhQXwpxnBykGvGHPyjhgKvCPNC2ooXtYVYGU9DDiNWiynnQrE1/emhXTbVdGhB\n30bJxqEcdJdDP4KURrQzUyZV4lAhAN4digluxYeSm2nPHfpG/DI50KJ47qbFZx+4\nJ+WmZiyTk44+t0mteXY7OXJ3v5Y7jaInjispvFs41sJpYYtfiibaln3fDGjKmtaI\nT9YmqRR0kWol4L24/Pmix+4d7nlvYx/P9AaHewIDAQABAoIBAQCsLFfGgoXjMYGc\nr35rRj/2v0SDt0jZ3yxDr259/VlJdaxudc4QYAzHZVQ7CYLMipdAdwQ8hrxAnJdx\nFHiBn6wloVJmT06OBFHl8fjMRtr7sUTJmvhiseIFlErWA9wlrA6azFmqy+f5vf+1\nGSQhrRrMiCsvDXBS3KMOhX6osPRJnRnIUAreiTwHG4ufooHZQF6ZpGCsPk0k82Sa\neHERPnkwUqUTAqrHBOu2px83Hriug5QoAMv1V3fnHXDOe6ga3pG6vm6MroslC6Jy\nhwWt1rL5xYl6uQCM01PFVCndcEEiMw1pMhKrfBe3T9rgT2C5RXMmWju+xOjjnBxZ\nefZhC3/ZAoGBAPHfYRFoYHKtg/nD+RoXWXGWftWzdyy1/QfOfoX4JCrb8BQrahFC\neE40jqI1ynUkKwuW7RoBfROp+Smd0rv9SU9Y5RHRh/JhqeMwpyDC2kDhPARNmP9V\nIEy2360u+lacsw6A436WEWk0NgCXivXTdGn0iRc7/s/4o4umDVpHUBvNAoGBAMNj\nqnGAc+oGjIlRlMKf7GxBXabD5WsXY6xdb+P9kddlJHYTMBieY7M24EsfKg47OOQF\nMTK3Sq9DZIwBt6WHaI6SWnuJnEJyxfyjp+A2Xvl/iOMOVIb4Iov+Ws+p/VemQMde\n+Fp9czB18FLYmnDyTxdJr+rhUYRQReA7AyO6ELhnAoGAd80p2iJ16zdQsEzGPIsm\nLWHajuTmeYnmu5AnERpYZ7YqkwLx9XyT9ECKCYRVNHJms8XcyM3F8xB0ro1SjPSm\n9BtW0t2S1ZZUPIijr1F0I0CspoD88DNs3TKTVcd4DaBt/BgRFmkkVJSczuxA0wQa\nnESYBp8b1k0UTJ5B7N53ql0CgYA1pkknrzikurWeAuuQ4S6ervgTEVkOJbb1nhZa\nCMch2KDBVxVuvRbtH5VIqz7192bwnUhb/54fL6cNFm+hoOOhuifkIe3pBPC+JQW0\nd9luMomYpteo07tQqz+uI6PvjDPfSoFw/19AoDGj3dvSRYZYA6CtIr8qUIxPPITp\nK27p4wKBgGEBeN2S99GmCp5uupxc6sJg+0c7Bmw6oOzy8ILFU/HuebWUKXqRyyrm\nDTCheXNZB5eR1VV0sifI4pT3Jxr64n49CqozzlO1ejlD11nuPwYEuAsIbEMYgZBI\nhbhW8eql+ONMIimRqqK5qwInvhQfFdJCuL1mIKC4K0ItTvQw6MJC\n-----END RSA PRIVATE KEY-----\n",
              "oci_public_key": "-----BEGIN PUBLIC KEY-----\nMIIBIjANBgkqhkiG9w0BAQEFAAOCAQ8AMIIBCgKCAQEAuJtRXF+pcaNRG1VIOL7d\na+yp8HGjgKjloUj5G5zV2S/keadWHauT2zxbDf3wTXSWkqyvgOxjun6yET84ZUGq\nwd1c8ukQfqpezpLYFSQWV7H3Tw19isvhQXwpxnBykGvGHPyjhgKvCPNC2ooXtYVY\nGU9DDiNWiynnQrE1/emhXTbVdGhB30bJxqEcdJdDP4KURrQzUyZV4lAhAN4diglu\nxYeSm2nPHfpG/DI50KJ47qbFZx+4J+WmZiyTk44+t0mteXY7OXJ3v5Y7jaInjisp\nvFs41sJpYYtfiibaln3fDGjKmtaIT9YmqRR0kWol4L24/Pmix+4d7nlvYx/P9AaH\newIDAQAB\n-----END PUBLIC KEY-----\n",
              "region": "us-ashburn-1",
              "tenancy_ocid": "ocid1.tenancy.oc1..aaaaaaaawgan7uufjjwa5wlicbocjs7l6hmyqrwhpqquncaweqgfsfvf4q7q",
              "user_ocid": "ocid1.user.oc1..aaaaaaaapojltszogsvqwohv6c6zofuhahp754qwgospfamkjefkfn37x24a"
            }
          }
        }
      ]
    },
    {
      "module": "module.network",
      "mode": "managed",
      "type": "null_resource",
      "name": "delay",
      "provider": "provider.null",
      "instances": [
        {
          "schema_version": 0,
          "attributes": {
            "id": "7592051844344875555",
            "triggers": {
              "before": "ocid1.compartment.oc1..aaaaaaaaedeksagj7qci64xci5kki233iggli4gzjwm4ehogvuzsiauq27aa"
            }
          },
          "private": "bnVsbA==",
          "depends_on": [
            "oci_identity_compartment.compartment1"
          ]
        }
      ]
    },
    {
      "module": "module.compute",
      "mode": "managed",
      "type": "null_resource",
      "name": "export_rendered_template",
      "provider": "provider.null",
      "instances": [
        {
          "schema_version": 0,
          "attributes": {
            "id": "7036340191603391432",
            "triggers": null
          },
          "private": "bnVsbA==",
          "depends_on": [
            "data.template_file.init"
          ]
        }
      ]
    },
    {
      "module": "module.network",
      "mode": "managed",
      "type": "oci_core_app_catalog_listing_resource_version_agreement",
      "name": "test_app_catalog_listing_resource_version_agreement",
      "provider": "provider.oci",
      "instances": [
        {
          "schema_version": 0,
          "attributes": {
            "eula_link": "",
            "id": "2019-08-15 19:17:42.264 +0000 UTC",
            "listing_id": "ocid1.appcataloglisting.oc1..aaaaaaaapram7bsdh37gly4oavh42iqih6faoqqqmotpddyz4a44c4wgk7ja",
            "listing_resource_version": "19.07-073020192341",
            "oracle_terms_of_use_link": "https://objectstorage.us-ashburn-1.oraclecloud.com/n/partnerimagecatalog/b/eulas/o/oracle-apps-terms-of-use.txt",
            "signature": "30defc8face3bc7dab772811b9ea79c367fbfe6c80c7e92c0a1f913aaa2c0ba9",
            "time_retrieved": "2019-08-15T19:17:42.264Z",
            "timeouts": null
          },
          "private": "eyJlMmJmYjczMC1lY2FhLTExZTYtOGY4OC0zNDM2M2JjN2M0YzAiOnsiY3JlYXRlIjo5MDAwMDAwMDAwMDAsImRlbGV0ZSI6OTAwMDAwMDAwMDAwLCJ1cGRhdGUiOjkwMDAwMDAwMDAwMH19",
          "depends_on": [
            "data.oci_core_app_catalog_listing_resource_versions.test_app_catalog_listing_resource_versions"
          ]
        }
      ]
    },
    {
      "module": "module.network",
      "mode": "managed",
      "type": "oci_core_app_catalog_subscription",
      "name": "test_app_catalog_subscription",
      "provider": "provider.oci",
      "instances": [
        {
          "schema_version": 0,
          "attributes": {
            "compartment_id": "ocid1.compartment.oc1..aaaaaaaaedeksagj7qci64xci5kki233iggli4gzjwm4ehogvuzsiauq27aa",
            "display_name": "Oracle Cloud Developer Image",
            "eula_link": "",
            "id": "compartmentId/ocid1.compartment.oc1..aaaaaaaaedeksagj7qci64xci5kki233iggli4gzjwm4ehogvuzsiauq27aa/listingId/ocid1.appcataloglisting.oc1..aaaaaaaapram7bsdh37gly4oavh42iqih6faoqqqmotpddyz4a44c4wgk7ja/listingResourceVersion/19.07-073020192341",
            "listing_id": "ocid1.appcataloglisting.oc1..aaaaaaaapram7bsdh37gly4oavh42iqih6faoqqqmotpddyz4a44c4wgk7ja",
            "listing_resource_id": "ocid1.image.oc1..aaaaaaaaaoswevgnrsoux7lfqbxgtng4aruphm2nbwpoqs22xx7anoi5cikq",
            "listing_resource_version": "19.07-073020192341",
            "oracle_terms_of_use_link": "https://objectstorage.us-ashburn-1.oraclecloud.com/n/partnerimagecatalog/b/eulas/o/oracle-apps-terms-of-use.txt",
            "publisher_name": null,
            "signature": "30defc8face3bc7dab772811b9ea79c367fbfe6c80c7e92c0a1f913aaa2c0ba9",
            "summary": "Oracle Cloud Developer Image",
            "time_created": "2019-08-15 19:17:52.858 +0000 UTC",
            "time_retrieved": "2019-08-15T19:17:42.264Z",
            "timeouts": {
              "create": "20m",
              "delete": null,
              "update": null
            }
          },
          "private": "eyJlMmJmYjczMC1lY2FhLTExZTYtOGY4OC0zNDM2M2JjN2M0YzAiOnsiY3JlYXRlIjoxMjAwMDAwMDAwMDAwLCJkZWxldGUiOjkwMDAwMDAwMDAwMCwidXBkYXRlIjo5MDAwMDAwMDAwMDB9fQ==",
          "depends_on": [
            "null_resource.delay",
            "oci_core_app_catalog_listing_resource_version_agreement.test_app_catalog_listing_resource_version_agreement",
            "oci_identity_compartment.compartment1"
          ]
        }
      ]
    },
    {
      "module": "module.compute",
      "mode": "managed",
      "type": "oci_core_instance",
      "name": "PrivateInstance",
      "provider": "provider.oci",
      "instances": [
        {
          "schema_version": 0,
          "attributes": {
            "agent_config": [
              {
                "is_monitoring_disabled": false
              }
            ],
            "availability_domain": "eHkR:US-ASHBURN-AD-1",
            "boot_volume_id": "ocid1.bootvolume.oc1.iad.abuwcljrxgwe6xdflcw7hwwavufrbxlifz6a5j5ihmmndfp6rql3epqdgiva",
            "compartment_id": "ocid1.compartment.oc1..aaaaaaaaedeksagj7qci64xci5kki233iggli4gzjwm4ehogvuzsiauq27aa",
            "create_vnic_details": [
              {
                "assign_public_ip": "false",
                "defined_tags": {},
                "display_name": "Dev_Instance",
                "freeform_tags": {},
                "hostname_label": "dev1",
                "nsg_ids": null,
                "private_ip": "10.0.1.2",
                "skip_source_dest_check": false,
                "subnet_id": "ocid1.subnet.oc1.iad.aaaaaaaanimdgmjoev6fjvhu3auawqhshdymyb3ljbrg4lpbr6qun2ug3tgq"
              }
            ],
            "defined_tags": {},
            "display_name": "Dev_Instance",
            "extended_metadata": null,
            "fault_domain": "FAULT-DOMAIN-1",
            "freeform_tags": {},
            "hostname_label": "dev1",
            "id": "ocid1.instance.oc1.iad.abuwcljr3q52ce2qezwxq2wzn2kle5auw574tz26o7kcxaqkvjg273mb5qfa",
            "image": "ocid1.image.oc1..aaaaaaaaaoswevgnrsoux7lfqbxgtng4aruphm2nbwpoqs22xx7anoi5cikq",
            "ipxe_script": null,
            "is_pv_encryption_in_transit_enabled": null,
            "launch_mode": "NATIVE",
            "launch_options": [
              {
                "boot_volume_type": "PARAVIRTUALIZED",
                "firmware": "UEFI_64",
                "is_consistent_volume_naming_enabled": true,
                "is_pv_encryption_in_transit_enabled": true,
                "network_type": "VFIO",
                "remote_data_volume_type": "PARAVIRTUALIZED"
              }
            ],
            "metadata": {
              "ssh_authorized_keys": "ssh-rsa AAAAB3NzaC1yc2EAAAADAQABAAABAQDHz4qxEOnsY+wJUUMQYYuWsXtTea2KnnWc8Hs1NfE2AY3oDPwZKZ+Ar7HUB6My18Vfoi4zOq0wPMqpntP4kd5scerAJkw0nQqp2hLSSOIh9eD7EtOGFImf4hj232QnwoblTKD8PjCgwuv9OUfpYLiEFALMJh1Ao1BEQgvcinaPEn4jSSgs9Ozznd55Uov6YFUP/3qv+IIURbNoR2xyE1eV5aPjFc0nDyQQfn4dRqhxBC1qaHtuArjF0gb1l4ud3x8W8FCLgUpIcFQ+U/hWMjb1sTLDM16SzoDLjoBxos5DYWS4S7l8HfmzXzNZaO0jkhfMaEXf3tEFaf/bNFJ5hd+f clyu@Carolines-MBP-2.hsd1.ma.comcast.net\n",
              "user_data": "IyEvYmluL3NoCmVjaG8gJ1RoaXMgY29tcHV0ZSBpbnN0YW5jZSB3YXMgcHJvdmlzaW9uZWQgYnkgVGVycmFmb3JtLicgPj4gL3RtcC9tb3RkCm1rZGlyIC9ob21lL29wYy8ub2NpLwpjaG1vZCA3MDAgL2hvbWUvb3BjLy5vY2kKY2hvd24gLVIgb3BjOm9wYyAvaG9tZS9vcGMvLm9jaQpjZCAvaG9tZS9vcGMvLm9jaS8KdG91Y2ggL2hvbWUvb3BjLy5vY2kvb2NpX3ByaXZhdGVfa2V5LnBlbQpjaG1vZCA3MDAgL2hvbWUvb3BjLy5vY2kvb2NpX3ByaXZhdGVfa2V5LnBlbSAKZWNobyAiLS0tLS1CRUdJTiBSU0EgUFJJVkFURSBLRVktLS0tLQpNSUlFb3dJQkFBS0NBUUVBdUp0UlhGK3BjYU5SRzFWSU9MN2RhK3lwOEhHamdLamxvVWo1RzV6VjJTL2tlYWRXCkhhdVQyenhiRGYzd1RYU1drcXl2Z094anVuNnlFVDg0WlVHcXdkMWM4dWtRZnFwZXpwTFlGU1FXVjdIM1R3MTkKaXN2aFFYd3B4bkJ5a0d2R0hQeWpoZ0t2Q1BOQzJvb1h0WVZZR1U5RERpTldpeW5uUXJFMS9lbWhYVGJWZEdoQgozMGJKeHFFY2RKZERQNEtVUnJRelV5WlY0bEFoQU40ZGlnbHV4WWVTbTJuUEhmcEcvREk1MEtKNDdxYkZaeCs0CkorV21aaXlUazQ0K3QwbXRlWFk3T1hKM3Y1WTdqYUluamlzcHZGczQxc0pwWVl0ZmlpYmFsbjNmREdqS210YUkKVDlZbXFSUjBrV29sNEwyNC9QbWl4KzRkN25sdll4L1A5QWFIZXdJREFRQUJBb0lCQVFDc0xGZkdnb1hqTVlHYwpyMzVyUmovMnYwU0R0MGpaM3l4RHIyNTkvVmxKZGF4dWRjNFFZQXpIWlZRN0NZTE1pcGRBZHdROGhyeEFuSmR4CkZIaUJuNndsb1ZKbVQwNk9CRkhsOGZqTVJ0cjdzVVRKbXZoaXNlSUZsRXJXQTl3bHJBNmF6Rm1xeStmNXZmKzEKR1NRaHJSck1pQ3N2RFhCUzNLTU9oWDZvc1BSSm5SbklVQXJlaVR3SEc0dWZvb0haUUY2WnBHQ3NQazBrODJTYQplSEVSUG5rd1VxVVRBcXJIQk91MnB4ODNIcml1ZzVRb0FNdjFWM2ZuSFhET2U2Z2EzcEc2dm02TXJvc2xDNkp5Cmh3V3Qxckw1eFlsNnVRQ00wMVBGVkNuZGNFRWlNdzFwTWhLcmZCZTNUOXJnVDJDNVJYTW1XanUreE9qam5CeFoKZWZaaEMzL1pBb0dCQVBIZllSRm9ZSEt0Zy9uRCtSb1hXWEdXZnRXemR5eTEvUWZPZm9YNEpDcmI4QlFyYWhGQwplRTQwanFJMXluVWtLd3VXN1JvQmZST3ArU21kMHJ2OVNVOVk1UkhSaC9KaHFlTXdweURDMmtEaFBBUk5tUDlWCklFeTIzNjB1K2xhY3N3NkE0MzZXRVdrME5nQ1hpdlhUZEduMGlSYzcvcy80bzR1bURWcEhVQnZOQW9HQkFNTmoKcW5HQWMrb0dqSWxSbE1LZjdHeEJYYWJENVdzWFk2eGRiK1A5a2RkbEpIWVRNQmllWTdNMjRFc2ZLZzQ3T09RRgpNVEszU3E5RFpJd0J0NldIYUk2U1dudUpuRUp5eGZ5anArQTJYdmwvaU9NT1ZJYjRJb3YrV3MrcC9WZW1RTWRlCitGcDljekIxOEZMWW1uRHlUeGRKcityaFVZUlFSZUE3QXlPNkVMaG5Bb0dBZDgwcDJpSjE2emRRc0V6R1BJc20KTFdIYWp1VG1lWW5tdTVBbkVScFlaN1lxa3dMeDlYeVQ5RUNLQ1lSVk5ISm1zOFhjeU0zRjh4QjBybzFTalBTbQo5QnRXMHQyUzFaWlVQSWlqcjFGMEkwQ3Nwb0Q4OEROczNUS1RWY2Q0RGFCdC9CZ1JGbWtrVkpTY3p1eEEwd1FhCm5FU1lCcDhiMWswVVRKNUI3TjUzcWwwQ2dZQTFwa2tucnppa3VyV2VBdXVRNFM2ZXJ2Z1RFVmtPSmJiMW5oWmEKQ01jaDJLREJWeFZ1dlJidEg1VklxejcxOTJid25VaGIvNTRmTDZjTkZtK2hvT09odWlma0llM3BCUEMrSlFXMApkOWx1TW9tWXB0ZW8wN3RRcXordUk2UHZqRFBmU29Gdy8xOUFvREdqM2R2U1JZWllBNkN0SXI4cVVJeFBQSVRwCksyN3A0d0tCZ0dFQmVOMlM5OUdtQ3A1dXVweGM2c0pnKzBjN0JtdzZvT3p5OElMRlUvSHVlYldVS1hxUnl5cm0KRFRDaGVYTlpCNWVSMVZWMHNpZkk0cFQzSnhyNjRuNDlDcW96emxPMWVqbEQxMW51UHdZRXVBc0liRU1ZZ1pCSQpoYmhXOGVxbCtPTk1JaW1ScXFLNXF3SW52aFFmRmRKQ3VMMW1JS0M0SzBJdFR2UXc2TUpDCi0tLS0tRU5EIFJTQSBQUklWQVRFIEtFWS0tLS0tCiIgPj4gL2hvbWUvb3BjLy5vY2kvb2NpX3ByaXZhdGVfa2V5LnBlbQp0b3VjaCAvaG9tZS9vcGMvLm9jaS9vY2lfcHVibGljX2tleS5wZW0KY2htb2QgNzAwIC9ob21lL29wYy8ub2NpL29jaV9wdWJsaWNfa2V5LnBlbSAKZWNobyAiLS0tLS1CRUdJTiBQVUJMSUMgS0VZLS0tLS0KTUlJQklqQU5CZ2txaGtpRzl3MEJBUUVGQUFPQ0FROEFNSUlCQ2dLQ0FRRUF1SnRSWEYrcGNhTlJHMVZJT0w3ZAphK3lwOEhHamdLamxvVWo1RzV6VjJTL2tlYWRXSGF1VDJ6eGJEZjN3VFhTV2txeXZnT3hqdW42eUVUODRaVUdxCndkMWM4dWtRZnFwZXpwTFlGU1FXVjdIM1R3MTlpc3ZoUVh3cHhuQnlrR3ZHSFB5amhnS3ZDUE5DMm9vWHRZVlkKR1U5RERpTldpeW5uUXJFMS9lbWhYVGJWZEdoQjMwYkp4cUVjZEpkRFA0S1VSclF6VXlaVjRsQWhBTjRkaWdsdQp4WWVTbTJuUEhmcEcvREk1MEtKNDdxYkZaeCs0SitXbVppeVRrNDQrdDBtdGVYWTdPWEozdjVZN2phSW5qaXNwCnZGczQxc0pwWVl0ZmlpYmFsbjNmREdqS210YUlUOVltcVJSMGtXb2w0TDI0L1BtaXgrNGQ3bmx2WXgvUDlBYUgKZXdJREFRQUIKLS0tLS1FTkQgUFVCTElDIEtFWS0tLS0tCiIgPj4gb2NpX3B1YmxpY19rZXkucGVtCnRvdWNoIC9ob21lL29wYy8ub2NpL2NvbmZpZwpjaG1vZCA3MDAgL2hvbWUvb3BjLy5vY2kvY29uZmlnCmVjaG8gIltERUZBVUxUXQp1c2VyPW9jaWQxLnVzZXIub2MxLi5hYWFhYWFhYXBvamx0c3pvZ3N2cXdvaHY2YzZ6b2Z1aGFocDc1NHF3Z29zcGZhbWtqZWZrZm4zN3gyNGEKZmluZ2VycHJpbnQ9NTk6YTI6YWY6MmY6Y2Q6ZWI6YTE6YTI6ODU6ODI6Njc6ODg6ZGI6ZmM6ZGI6ZGMKa2V5X2ZpbGU9L2hvbWUvb3BjLy5vY2kvb2NpX3ByaXZhdGVfa2V5LnBlbQp0ZW5hbmN5PW9jaWQxLnRlbmFuY3kub2MxLi5hYWFhYWFhYXdnYW43dXVmamp3YTV3bGljYm9janM3bDZobXlxcndocHFxdW5jYXdlcWdmc2Z2ZjRxN3EKcmVnaW9uPXVzLWFzaGJ1cm4tMQoiID4+IC9ob21lL29wYy8ub2NpL2NvbmZpZwppZiBbIGF0cCA9ICJhdHAiIF0KdGhlbgoJZWNobyAiL3Vzci9iaW4vb2NpIC0tY29uZmlnLWZpbGUgL2hvbWUvb3BjLy5vY2kvY29uZmlnIGRiIGF1dG9ub21vdXMtZGF0YWJhc2UgY3JlYXRlIC0tY29tcGFydG1lbnQtaWQgb2NpZDEuY29tcGFydG1lbnQub2MxLi5hYWFhYWFhYWVkZWtzYWdqN3FjaTY0eGNpNWtraTIzM2lnZ2xpNGd6andtNGVob2d2dXpzaWF1cTI3YWEgLS1kYi1uYW1lIGF0cGRiMSAtLWNwdS1jb3JlLWNvdW50IDEgLS1kYXRhLXN0b3JhZ2Utc2l6ZS1pbi10YnMgMSAtLWFkbWluLXBhc3N3b3JkIEhlbGwwVzBybGQjIyIgPj4gL2hvbWUvb3BjLy5vY2kvc2NyaXB0LnNoCglvY2kgc2V0dXAgcmVwYWlyLWZpbGUtcGVybWlzc2lvbnMgLS1maWxlIC9ob21lL29wYy8ub2NpL2NvbmZpZyAKCW9jaSBzZXR1cCByZXBhaXItZmlsZS1wZXJtaXNzaW9ucyAtLWZpbGUgL2hvbWUvb3BjLy5vY2kvb2NpX3ByaXZhdGVfa2V5LnBlbSAKCWNob3duIC1SIG9wYzpvcGMgL2hvbWUvb3BjLy5vY2kKCS91c3IvYmluL29jaSAtLWNvbmZpZy1maWxlIC9ob21lL29wYy8ub2NpL2NvbmZpZyBkYiBhdXRvbm9tb3VzLWRhdGFiYXNlIGNyZWF0ZSAtLWNvbXBhcnRtZW50LWlkIG9jaWQxLmNvbXBhcnRtZW50Lm9jMS4uYWFhYWFhYWFlZGVrc2FnajdxY2k2NHhjaTVra2kyMzNpZ2dsaTRnemp3bTRlaG9ndnV6c2lhdXEyN2FhIC0tZGItbmFtZSBhdHBkYjEgLS1jcHUtY29yZS1jb3VudCAxIC0tZGF0YS1zdG9yYWdlLXNpemUtaW4tdGJzIDEgLS1hZG1pbi1wYXNzd29yZCBIZWxsMFcwcmxkIyMKZWxpZiBbIGF0cCA9ICJhZHciIF0KdGhlbgoJZWNobyAiL3Vzci9iaW4vb2NpIC0tY29uZmlnLWZpbGUgL2hvbWUvb3BjLy5vY2kvY29uZmlnIGRiIGF1dG9ub21vdXMtZGF0YS13YXJlaG91c2UgY3JlYXRlIC0tY29tcGFydG1lbnQtaWQgb2NpZDEuY29tcGFydG1lbnQub2MxLi5hYWFhYWFhYWVkZWtzYWdqN3FjaTY0eGNpNWtraTIzM2lnZ2xpNGd6andtNGVob2d2dXpzaWF1cTI3YWEgLS1kYi1uYW1lIGFkd2RiMSAtLWNwdS1jb3JlLWNvdW50IDEgLS1kYXRhLXN0b3JhZ2Utc2l6ZS1pbi10YnMgMSAtLWFkbWluLXBhc3N3b3JkIEhlbGwwVzBybGQjIyIgPj4gL2hvbWUvb3BjLy5vY2kvc2NyaXB0LnNoCglvY2kgc2V0dXAgcmVwYWlyLWZpbGUtcGVybWlzc2lvbnMgLS1maWxlIC9ob21lL29wYy8ub2NpL2NvbmZpZyAKCW9jaSBzZXR1cCByZXBhaXItZmlsZS1wZXJtaXNzaW9ucyAtLWZpbGUgL2hvbWUvb3BjLy5vY2kvb2NpX3ByaXZhdGVfa2V5LnBlbSAKCWNob3duIC1SIG9wYzpvcGMgL2hvbWUvb3BjLy5vY2kKCS91c3IvYmluL29jaSAtLWNvbmZpZy1maWxlIC9ob21lL29wYy8ub2NpL2NvbmZpZyBkYiBhdXRvbm9tb3VzLWRhdGEtd2FyZWhvdXNlIGNyZWF0ZSAtLWNvbXBhcnRtZW50LWlkIG9jaWQxLmNvbXBhcnRtZW50Lm9jMS4uYWFhYWFhYWFlZGVrc2FnajdxY2k2NHhjaTVra2kyMzNpZ2dsaTRnemp3bTRlaG9ndnV6c2lhdXEyN2FhIC0tZGItbmFtZSBhZHdkYjEgLS1jcHUtY29yZS1jb3VudCAxIC0tZGF0YS1zdG9yYWdlLXNpemUtaW4tdGJzIDEgLS1hZG1pbi1wYXNzd29yZCBIZWxsMFcwcmxkIyMKZWxzZQoJZWNobyAiZGlkIG5vdCBzcGVjaWZ5IHdoaWNoIHJlc291cmNlIHRvIGNyZWF0ZSIgPj4gL2hvbWUvb3BjLy5vY2kvc2NyaXB0LnNoCmZpCg=="
            },
            "preserve_boot_volume": null,
            "private_ip": "10.0.1.2",
            "public_ip": "",
            "region": "iad",
            "shape": "VM.Standard2.1",
            "source_details": [
              {
                "boot_volume_size_in_gbs": "47",
                "kms_key_id": "",
                "source_id": "ocid1.image.oc1..aaaaaaaaaoswevgnrsoux7lfqbxgtng4aruphm2nbwpoqs22xx7anoi5cikq",
                "source_type": "image"
              }
            ],
            "state": "RUNNING",
            "subnet_id": "ocid1.subnet.oc1.iad.aaaaaaaanimdgmjoev6fjvhu3auawqhshdymyb3ljbrg4lpbr6qun2ug3tgq",
            "time_created": "2019-08-15 19:17:56.943 +0000 UTC",
            "time_maintenance_reboot_due": "",
            "timeouts": {
              "create": "60m",
              "delete": null,
              "update": null
            }
          },
          "private": "eyJlMmJmYjczMC1lY2FhLTExZTYtOGY4OC0zNDM2M2JjN2M0YzAiOnsiY3JlYXRlIjozNjAwMDAwMDAwMDAwLCJkZWxldGUiOjcyMDAwMDAwMDAwMDAsInVwZGF0ZSI6NzIwMDAwMDAwMDAwMH19",
          "depends_on": [
            "data.oci_identity_availability_domains.ads",
            "data.template_file.init"
          ]
        }
      ]
    },
    {
      "module": "module.compute",
      "mode": "managed",
      "type": "oci_core_instance",
      "name": "PublicInstance",
      "provider": "provider.oci",
      "instances": [
        {
          "schema_version": 0,
          "attributes": {
            "agent_config": [
              {
                "is_monitoring_disabled": false
              }
            ],
            "availability_domain": "eHkR:US-ASHBURN-AD-1",
            "boot_volume_id": "ocid1.bootvolume.oc1.iad.abuwcljrsvbaa3lytiiezrp5aveqtztgldb4g2gjn6b2mfikp37d4qkzxr4q",
            "compartment_id": "ocid1.compartment.oc1..aaaaaaaaedeksagj7qci64xci5kki233iggli4gzjwm4ehogvuzsiauq27aa",
            "create_vnic_details": [
              {
                "assign_public_ip": "true",
                "defined_tags": {},
                "display_name": "primaryvnic",
                "freeform_tags": {},
                "hostname_label": "bastion1",
                "nsg_ids": null,
                "private_ip": "10.0.2.2",
                "skip_source_dest_check": false,
                "subnet_id": "ocid1.subnet.oc1.iad.aaaaaaaankmj2ifxe7manhw3haaekp7nv57dulfq5d4tpv5cs6qmeifjeuaq"
              }
            ],
            "defined_tags": {},
            "display_name": "Bastion_Instance",
            "extended_metadata": null,
            "fault_domain": "FAULT-DOMAIN-1",
            "freeform_tags": {},
            "hostname_label": "bastion1",
            "id": "ocid1.instance.oc1.iad.abuwcljrql7e2wwva5b32mu6aq7x32paqcrfn5wb2sjownxhycu43mdb2asa",
            "image": "ocid1.image.oc1.iad.aaaaaaaa2tq67tvbeavcmioghquci6p3pvqwbneq3vfy7fe7m7geiga4cnxa",
            "ipxe_script": null,
            "is_pv_encryption_in_transit_enabled": null,
            "launch_mode": "NATIVE",
            "launch_options": [
              {
                "boot_volume_type": "PARAVIRTUALIZED",
                "firmware": "UEFI_64",
                "is_consistent_volume_naming_enabled": false,
                "is_pv_encryption_in_transit_enabled": true,
                "network_type": "VFIO",
                "remote_data_volume_type": "PARAVIRTUALIZED"
              }
            ],
            "metadata": {
              "ssh_authorized_keys": "ssh-rsa AAAAB3NzaC1yc2EAAAADAQABAAABAQDHz4qxEOnsY+wJUUMQYYuWsXtTea2KnnWc8Hs1NfE2AY3oDPwZKZ+Ar7HUB6My18Vfoi4zOq0wPMqpntP4kd5scerAJkw0nQqp2hLSSOIh9eD7EtOGFImf4hj232QnwoblTKD8PjCgwuv9OUfpYLiEFALMJh1Ao1BEQgvcinaPEn4jSSgs9Ozznd55Uov6YFUP/3qv+IIURbNoR2xyE1eV5aPjFc0nDyQQfn4dRqhxBC1qaHtuArjF0gb1l4ud3x8W8FCLgUpIcFQ+U/hWMjb1sTLDM16SzoDLjoBxos5DYWS4S7l8HfmzXzNZaO0jkhfMaEXf3tEFaf/bNFJ5hd+f clyu@Carolines-MBP-2.hsd1.ma.comcast.net\n"
            },
            "preserve_boot_volume": null,
            "private_ip": "10.0.2.2",
            "public_ip": "129.213.148.96",
            "region": "iad",
            "shape": "VM.Standard2.2",
            "source_details": [
              {
                "boot_volume_size_in_gbs": "47",
                "kms_key_id": "",
                "source_id": "ocid1.image.oc1.iad.aaaaaaaa2tq67tvbeavcmioghquci6p3pvqwbneq3vfy7fe7m7geiga4cnxa",
                "source_type": "image"
              }
            ],
            "state": "RUNNING",
            "subnet_id": "ocid1.subnet.oc1.iad.aaaaaaaankmj2ifxe7manhw3haaekp7nv57dulfq5d4tpv5cs6qmeifjeuaq",
            "time_created": "2019-08-15 19:17:56.157 +0000 UTC",
            "time_maintenance_reboot_due": "",
            "timeouts": {
              "create": "60m",
              "delete": null,
              "update": null
            }
          },
          "private": "eyJlMmJmYjczMC1lY2FhLTExZTYtOGY4OC0zNDM2M2JjN2M0YzAiOnsiY3JlYXRlIjozNjAwMDAwMDAwMDAwLCJkZWxldGUiOjcyMDAwMDAwMDAwMDAsInVwZGF0ZSI6NzIwMDAwMDAwMDAwMH19",
          "depends_on": [
            "data.oci_identity_availability_domains.ads"
          ]
        }
      ]
    },
    {
      "module": "module.network",
      "mode": "managed",
      "type": "oci_core_internet_gateway",
      "name": "gateway",
      "provider": "provider.oci",
      "instances": [
        {
          "schema_version": 0,
          "attributes": {
            "compartment_id": "ocid1.compartment.oc1..aaaaaaaaedeksagj7qci64xci5kki233iggli4gzjwm4ehogvuzsiauq27aa",
            "defined_tags": {},
            "display_name": "Frontend Internet Gateway",
            "enabled": true,
            "freeform_tags": {},
            "id": "ocid1.internetgateway.oc1.iad.aaaaaaaa6swq23v6ptzslsuxhzlkzb33vgeos563rtnmtoeolanmqudwr4xq",
            "state": "AVAILABLE",
            "time_created": "2019-08-15 19:17:53.612 +0000 UTC",
            "timeouts": null,
            "vcn_id": "ocid1.vcn.oc1.iad.aaaaaaaa3i3ulqzn5y77pe27luqypjayouwtdw2xg42jfehs32nrfjbfc66a"
          },
          "private": "eyJlMmJmYjczMC1lY2FhLTExZTYtOGY4OC0zNDM2M2JjN2M0YzAiOnsiY3JlYXRlIjo5MDAwMDAwMDAwMDAsImRlbGV0ZSI6OTAwMDAwMDAwMDAwLCJ1cGRhdGUiOjkwMDAwMDAwMDAwMH19",
          "depends_on": [
            "oci_core_vcn.default_vcn",
            "oci_identity_compartment.compartment1"
          ]
        }
      ]
    },
    {
      "module": "module.network",
      "mode": "managed",
      "type": "oci_core_route_table",
      "name": "private_route_table",
      "provider": "provider.oci",
      "instances": [
        {
          "schema_version": 0,
          "attributes": {
            "compartment_id": "ocid1.compartment.oc1..aaaaaaaaedeksagj7qci64xci5kki233iggli4gzjwm4ehogvuzsiauq27aa",
            "defined_tags": {},
            "display_name": "Backend Route Table",
            "freeform_tags": {},
            "id": "ocid1.routetable.oc1.iad.aaaaaaaaizmoxypxbalww6i54thmxvwpqermettbpjj2hveuykmd6cubggga",
            "route_rules": [
              {
                "cidr_block": "",
                "destination": "all-iad-services-in-oracle-services-network",
                "destination_type": "SERVICE_CIDR_BLOCK",
                "network_entity_id": "ocid1.servicegateway.oc1.iad.aaaaaaaakh7uevyxyogc765jsy7mags3tfzpklmzszfxczwiq632ox3ftswq"
              }
            ],
            "state": "AVAILABLE",
            "time_created": "2019-08-15 19:17:55.139 +0000 UTC",
            "timeouts": null,
            "vcn_id": "ocid1.vcn.oc1.iad.aaaaaaaa3i3ulqzn5y77pe27luqypjayouwtdw2xg42jfehs32nrfjbfc66a"
          },
          "private": "eyJlMmJmYjczMC1lY2FhLTExZTYtOGY4OC0zNDM2M2JjN2M0YzAiOnsiY3JlYXRlIjo5MDAwMDAwMDAwMDAsImRlbGV0ZSI6OTAwMDAwMDAwMDAwLCJ1cGRhdGUiOjkwMDAwMDAwMDAwMH19",
          "depends_on": [
            "oci_core_vcn.default_vcn",
            "oci_identity_compartment.compartment1"
          ]
        }
      ]
    },
    {
      "module": "module.network",
      "mode": "managed",
      "type": "oci_core_route_table",
      "name": "route_table",
      "provider": "provider.oci",
      "instances": [
        {
          "schema_version": 0,
          "attributes": {
            "compartment_id": "ocid1.compartment.oc1..aaaaaaaaedeksagj7qci64xci5kki233iggli4gzjwm4ehogvuzsiauq27aa",
            "defined_tags": {},
            "display_name": "Frontend Route Table",
            "freeform_tags": {},
            "id": "ocid1.routetable.oc1.iad.aaaaaaaadigimpxe35bw4y2fpivbxnnprppzwnfqbcv2syv24fkq3ppvggua",
            "route_rules": [
              {
                "cidr_block": "0.0.0.0/0",
                "destination": "0.0.0.0/0",
                "destination_type": "CIDR_BLOCK",
                "network_entity_id": "ocid1.internetgateway.oc1.iad.aaaaaaaa6swq23v6ptzslsuxhzlkzb33vgeos563rtnmtoeolanmqudwr4xq"
              }
            ],
            "state": "AVAILABLE",
            "time_created": "2019-08-15 19:17:54.328 +0000 UTC",
            "timeouts": null,
            "vcn_id": "ocid1.vcn.oc1.iad.aaaaaaaa3i3ulqzn5y77pe27luqypjayouwtdw2xg42jfehs32nrfjbfc66a"
          },
          "private": "eyJlMmJmYjczMC1lY2FhLTExZTYtOGY4OC0zNDM2M2JjN2M0YzAiOnsiY3JlYXRlIjo5MDAwMDAwMDAwMDAsImRlbGV0ZSI6OTAwMDAwMDAwMDAwLCJ1cGRhdGUiOjkwMDAwMDAwMDAwMH19",
          "depends_on": [
            "oci_core_internet_gateway.gateway",
            "oci_core_vcn.default_vcn",
            "oci_identity_compartment.compartment1"
          ]
        }
      ]
    },
    {
      "module": "module.network",
      "mode": "managed",
      "type": "oci_core_security_list",
      "name": "private_security_list",
      "provider": "provider.oci",
      "instances": [
        {
          "schema_version": 0,
          "attributes": {
            "compartment_id": "ocid1.compartment.oc1..aaaaaaaaedeksagj7qci64xci5kki233iggli4gzjwm4ehogvuzsiauq27aa",
            "defined_tags": {},
            "display_name": "Backend Security List",
            "egress_security_rules": [
              {
                "destination": "0.0.0.0/0",
                "destination_type": "CIDR_BLOCK",
                "icmp_options": [],
                "protocol": "all",
                "stateless": false,
                "tcp_options": [],
                "udp_options": []
              },
              {
                "destination": "all-iad-services-in-oracle-services-network",
                "destination_type": "SERVICE_CIDR_BLOCK",
                "icmp_options": [],
                "protocol": "all",
                "stateless": false,
                "tcp_options": [],
                "udp_options": []
              }
            ],
            "freeform_tags": {},
            "id": "ocid1.securitylist.oc1.iad.aaaaaaaaget6ztuwsx62egqf3bs2pahs5j7rnzcnigvn32kiwmwflc22vwvq",
            "ingress_security_rules": [
              {
                "icmp_options": [],
                "protocol": "1",
                "source": "10.0.2.0/24",
                "source_type": "CIDR_BLOCK",
                "stateless": false,
                "tcp_options": [],
                "udp_options": []
              },
              {
                "icmp_options": [],
                "protocol": "6",
                "source": "10.0.2.0/24",
                "source_type": "CIDR_BLOCK",
                "stateless": false,
                "tcp_options": [
                  {
                    "max": 22,
                    "min": 22,
                    "source_port_range": []
                  }
                ],
                "udp_options": []
              },
              {
                "icmp_options": [],
                "protocol": "6",
                "source": "10.0.2.0/24",
                "source_type": "CIDR_BLOCK",
                "stateless": false,
                "tcp_options": [
                  {
                    "max": 8080,
                    "min": 8080,
                    "source_port_range": []
                  }
                ],
                "udp_options": []
              },
              {
                "icmp_options": [],
                "protocol": "6",
                "source": "10.0.2.0/24",
                "source_type": "CIDR_BLOCK",
                "stateless": false,
                "tcp_options": [
                  {
                    "max": 80,
                    "min": 80,
                    "source_port_range": []
                  }
                ],
                "udp_options": []
              }
            ],
            "state": "AVAILABLE",
            "time_created": "2019-08-15 19:17:53.879 +0000 UTC",
            "timeouts": null,
            "vcn_id": "ocid1.vcn.oc1.iad.aaaaaaaa3i3ulqzn5y77pe27luqypjayouwtdw2xg42jfehs32nrfjbfc66a"
          },
          "private": "eyJlMmJmYjczMC1lY2FhLTExZTYtOGY4OC0zNDM2M2JjN2M0YzAiOnsiY3JlYXRlIjo5MDAwMDAwMDAwMDAsImRlbGV0ZSI6OTAwMDAwMDAwMDAwLCJ1cGRhdGUiOjkwMDAwMDAwMDAwMH19",
          "depends_on": [
            "oci_core_vcn.default_vcn",
            "oci_identity_compartment.compartment1"
          ]
        }
      ]
    },
    {
      "module": "module.servicegateway",
      "mode": "managed",
      "type": "oci_core_service_gateway",
      "name": "test_service_gateway",
      "provider": "provider.oci",
      "instances": [
        {
          "schema_version": 0,
          "attributes": {
            "block_traffic": false,
            "compartment_id": "ocid1.compartment.oc1..aaaaaaaaedeksagj7qci64xci5kki233iggli4gzjwm4ehogvuzsiauq27aa",
            "defined_tags": {},
            "display_name": "Backend Service Gateway",
            "freeform_tags": {},
            "id": "ocid1.servicegateway.oc1.iad.aaaaaaaakh7uevyxyogc765jsy7mags3tfzpklmzszfxczwiq632ox3ftswq",
            "route_table_id": null,
            "services": [
              {
                "service_id": "ocid1.service.oc1.iad.aaaaaaaam4zfmy2rjue6fmglumm3czgisxzrnvrwqeodtztg7hwa272mlfna",
                "service_name": "All IAD Services In Oracle Services Network"
              }
            ],
            "state": "AVAILABLE",
            "time_created": "2019-08-15 19:17:54.229 +0000 UTC",
            "timeouts": null,
            "vcn_id": "ocid1.vcn.oc1.iad.aaaaaaaa3i3ulqzn5y77pe27luqypjayouwtdw2xg42jfehs32nrfjbfc66a"
          },
          "private": "eyJlMmJmYjczMC1lY2FhLTExZTYtOGY4OC0zNDM2M2JjN2M0YzAiOnsiY3JlYXRlIjo5MDAwMDAwMDAwMDAsImRlbGV0ZSI6OTAwMDAwMDAwMDAwLCJ1cGRhdGUiOjkwMDAwMDAwMDAwMH19",
          "depends_on": [
            "data.oci_core_services.test_services"
          ]
        }
      ]
    },
    {
      "module": "module.network",
      "mode": "managed",
      "type": "oci_core_subnet",
      "name": "subnet_a",
      "provider": "provider.oci",
      "instances": [
        {
          "schema_version": 0,
          "attributes": {
            "availability_domain": "eHkR:US-ASHBURN-AD-1",
            "cidr_block": "10.0.1.0/24",
            "compartment_id": "ocid1.compartment.oc1..aaaaaaaaedeksagj7qci64xci5kki233iggli4gzjwm4ehogvuzsiauq27aa",
            "defined_tags": {},
            "dhcp_options_id": "ocid1.dhcpoptions.oc1.iad.aaaaaaaacrd5geohcl6u5x5ckmo4fjspq4pjzrbmohw3ebozuwd3fuwh5doa",
            "display_name": "Backend Subnet",
            "dns_label": "privsub",
            "freeform_tags": {},
            "id": "ocid1.subnet.oc1.iad.aaaaaaaanimdgmjoev6fjvhu3auawqhshdymyb3ljbrg4lpbr6qun2ug3tgq",
            "ipv6cidr_block": null,
            "ipv6public_cidr_block": null,
            "ipv6virtual_router_ip": null,
            "prohibit_public_ip_on_vnic": true,
            "route_table_id": "ocid1.routetable.oc1.iad.aaaaaaaaizmoxypxbalww6i54thmxvwpqermettbpjj2hveuykmd6cubggga",
            "security_list_ids": [
              "ocid1.securitylist.oc1.iad.aaaaaaaaget6ztuwsx62egqf3bs2pahs5j7rnzcnigvn32kiwmwflc22vwvq"
            ],
            "state": "AVAILABLE",
            "subnet_domain_name": "privsub.vcn.oraclevcn.com",
            "time_created": "2019-08-15 19:17:55.719 +0000 UTC",
            "timeouts": null,
            "vcn_id": "ocid1.vcn.oc1.iad.aaaaaaaa3i3ulqzn5y77pe27luqypjayouwtdw2xg42jfehs32nrfjbfc66a",
            "virtual_router_ip": "10.0.1.1",
            "virtual_router_mac": "00:00:17:3A:A0:22"
          },
          "private": "eyJlMmJmYjczMC1lY2FhLTExZTYtOGY4OC0zNDM2M2JjN2M0YzAiOnsiY3JlYXRlIjo5MDAwMDAwMDAwMDAsImRlbGV0ZSI6OTAwMDAwMDAwMDAwLCJ1cGRhdGUiOjkwMDAwMDAwMDAwMH19",
          "depends_on": [
            "data.oci_identity_availability_domains.ads",
            "oci_core_route_table.private_route_table",
            "oci_core_security_list.private_security_list",
            "oci_core_vcn.default_vcn",
            "oci_identity_compartment.compartment1"
          ]
        }
      ]
    },
    {
      "module": "module.network",
      "mode": "managed",
      "type": "oci_core_subnet",
      "name": "subnet_b",
      "provider": "provider.oci",
      "instances": [
        {
          "schema_version": 0,
          "attributes": {
            "availability_domain": "eHkR:US-ASHBURN-AD-1",
            "cidr_block": "10.0.2.0/24",
            "compartment_id": "ocid1.compartment.oc1..aaaaaaaaedeksagj7qci64xci5kki233iggli4gzjwm4ehogvuzsiauq27aa",
            "defined_tags": {},
            "dhcp_options_id": "ocid1.dhcpoptions.oc1.iad.aaaaaaaacrd5geohcl6u5x5ckmo4fjspq4pjzrbmohw3ebozuwd3fuwh5doa",
            "display_name": "Frontend Subnet",
            "dns_label": "pubsub",
            "freeform_tags": {},
            "id": "ocid1.subnet.oc1.iad.aaaaaaaankmj2ifxe7manhw3haaekp7nv57dulfq5d4tpv5cs6qmeifjeuaq",
            "ipv6cidr_block": null,
            "ipv6public_cidr_block": null,
            "ipv6virtual_router_ip": null,
            "prohibit_public_ip_on_vnic": false,
            "route_table_id": "ocid1.routetable.oc1.iad.aaaaaaaadigimpxe35bw4y2fpivbxnnprppzwnfqbcv2syv24fkq3ppvggua",
            "security_list_ids": [
              "ocid1.securitylist.oc1.iad.aaaaaaaa453ucrbwsza2bmgocqsc62mid2yqbri4wlpnd6u3btxvct3t4neq"
            ],
            "state": "AVAILABLE",
            "subnet_domain_name": "pubsub.vcn.oraclevcn.com",
            "time_created": "2019-08-15 19:17:54.927 +0000 UTC",
            "timeouts": null,
            "vcn_id": "ocid1.vcn.oc1.iad.aaaaaaaa3i3ulqzn5y77pe27luqypjayouwtdw2xg42jfehs32nrfjbfc66a",
            "virtual_router_ip": "10.0.2.1",
            "virtual_router_mac": "00:00:17:3A:A0:22"
          },
          "private": "eyJlMmJmYjczMC1lY2FhLTExZTYtOGY4OC0zNDM2M2JjN2M0YzAiOnsiY3JlYXRlIjo5MDAwMDAwMDAwMDAsImRlbGV0ZSI6OTAwMDAwMDAwMDAwLCJ1cGRhdGUiOjkwMDAwMDAwMDAwMH19",
          "depends_on": [
            "data.oci_identity_availability_domains.ads",
            "oci_core_route_table.route_table",
            "oci_core_vcn.default_vcn",
            "oci_identity_compartment.compartment1"
          ]
        }
      ]
    },
    {
      "module": "module.network",
      "mode": "managed",
      "type": "oci_core_vcn",
      "name": "default_vcn",
      "provider": "provider.oci",
      "instances": [
        {
          "schema_version": 0,
          "attributes": {
            "cidr_block": "10.0.0.0/16",
            "compartment_id": "ocid1.compartment.oc1..aaaaaaaaedeksagj7qci64xci5kki233iggli4gzjwm4ehogvuzsiauq27aa",
            "default_dhcp_options_id": "ocid1.dhcpoptions.oc1.iad.aaaaaaaacrd5geohcl6u5x5ckmo4fjspq4pjzrbmohw3ebozuwd3fuwh5doa",
            "default_route_table_id": "ocid1.routetable.oc1.iad.aaaaaaaa67ywvocj6xymkszei3h54q2es45dul636lst2busgiou7fcqwzza",
            "default_security_list_id": "ocid1.securitylist.oc1.iad.aaaaaaaa453ucrbwsza2bmgocqsc62mid2yqbri4wlpnd6u3btxvct3t4neq",
            "defined_tags": {},
            "display_name": "VCN",
            "dns_label": "vcn",
            "freeform_tags": {},
            "id": "ocid1.vcn.oc1.iad.aaaaaaaa3i3ulqzn5y77pe27luqypjayouwtdw2xg42jfehs32nrfjbfc66a",
            "ipv6cidr_block": null,
            "ipv6public_cidr_block": null,
            "is_ipv6enabled": null,
            "state": "AVAILABLE",
            "time_created": "2019-08-15 19:17:52.757 +0000 UTC",
            "timeouts": null,
            "vcn_domain_name": "vcn.oraclevcn.com"
          },
          "private": "eyJlMmJmYjczMC1lY2FhLTExZTYtOGY4OC0zNDM2M2JjN2M0YzAiOnsiY3JlYXRlIjo5MDAwMDAwMDAwMDAsImRlbGV0ZSI6OTAwMDAwMDAwMDAwLCJ1cGRhdGUiOjkwMDAwMDAwMDAwMH19",
          "depends_on": [
            "null_resource.delay",
            "oci_identity_compartment.compartment1"
          ]
        }
      ]
    },
    {
      "module": "module.network",
      "mode": "managed",
      "type": "oci_identity_compartment",
      "name": "compartment1",
      "provider": "provider.oci",
      "instances": [
        {
          "schema_version": 0,
          "attributes": {
            "compartment_id": "ocid1.tenancy.oc1..aaaaaaaawgan7uufjjwa5wlicbocjs7l6hmyqrwhpqquncaweqgfsfvf4q7q",
            "defined_tags": {},
            "description": "A compartment where some user should be able to manage resources",
            "enable_delete": null,
            "freeform_tags": {},
            "id": "ocid1.compartment.oc1..aaaaaaaaedeksagj7qci64xci5kki233iggli4gzjwm4ehogvuzsiauq27aa",
            "inactive_state": null,
            "is_accessible": true,
            "name": "LABS",
            "state": "ACTIVE",
            "time_created": "2019-08-15 19:17:42.158 +0000 UTC",
            "timeouts": null
          },
          "private": "eyJlMmJmYjczMC1lY2FhLTExZTYtOGY4OC0zNDM2M2JjN2M0YzAiOnsiZGVsZXRlIjo1NDAwMDAwMDAwMDAwfX0="
        }
      ]
    }
  ]
}
